
Microsoft Visual Studio Solution File, Format Version 12.00
# Visual Studio 15
VisualStudioVersion = 15.0.28307.1145
MinimumVisualStudioVersion = 10.0.40219.1
Project("{2150E333-8FDC-42A3-9474-1A3956D46DE8}") = "1 - Presentation", "1 - Presentation", "{7CDB0661-F199-474D-B9F3-5F78208FB73F}"
EndProject
Project("{2150E333-8FDC-42A3-9474-1A3956D46DE8}") = "2 - Application", "2 - Application", "{A91143E5-FD58-48FD-8C96-2D1D15797629}"
EndProject
Project("{2150E333-8FDC-42A3-9474-1A3956D46DE8}") = "3 - Domain", "3 - Domain", "{9DB19153-DEAF-4171-9F4E-DAEE43993D8E}"
EndProject
Project("{2150E333-8FDC-42A3-9474-1A3956D46DE8}") = "4 - Infraestructure", "4 - Infraestructure", "{DA0C729D-0362-4935-AC10-72D11279C218}"
EndProject
Project("{2150E333-8FDC-42A3-9474-1A3956D46DE8}") = "CrossCutting", "CrossCutting", "{FA9BD634-EB25-4D18-907A-5B3C9622D899}"
EndProject
Project("{2150E333-8FDC-42A3-9474-1A3956D46DE8}") = "Data", "Data", "{21D51139-9110-4CF8-8B40-36BFE3A57A37}"
EndProject
Project("{2150E333-8FDC-42A3-9474-1A3956D46DE8}") = "IoC", "IoC", "{0348FF10-F4E8-49B7-8AC1-EE63BC4988CD}"
EndProject
Project("{2150E333-8FDC-42A3-9474-1A3956D46DE8}") = "Mapping", "Mapping", "{F6BBCF19-93DD-45CC-84D6-A29156476B44}"
EndProject
Project("{2150E333-8FDC-42A3-9474-1A3956D46DE8}") = "Auth", "Auth", "{43D11E6A-057A-4470-9120-9B4119B782B2}"
EndProject
Project("{2150E333-8FDC-42A3-9474-1A3956D46DE8}") = "API", "API", "{DDC64361-DB32-412B-B308-AAC97A978E39}"
EndProject
Project("{9A19103F-16F7-4668-BE54-9A1E7A4F7556}") = "Senac.API", "senac.API\Senac.API.csproj", "{0BCF639A-876A-436D-B412-428082DAE7DD}"
EndProject
Project("{FAE04EC0-301F-11D3-BF4B-00C04F79EFBC}") = "Senac.Application", "senac.application\Senac.Application.csproj", "{B93FB512-8FEC-4330-8360-095421F725D8}"
EndProject
Project("{FAE04EC0-301F-11D3-BF4B-00C04F79EFBC}") = "Senac.Domain", "Senac.Domain\Senac.Domain.csproj", "{D1BE1CE9-B152-4665-BE99-355CFCEE7AD3}"
EndProject
Project("{2150E333-8FDC-42A3-9474-1A3956D46DE8}") = "5 - Tests", "5 - Tests", "{2952D79A-9CD2-419E-BB65-54E9BDB0EAFD}"
EndProject
Project("{FAE04EC0-301F-11D3-BF4B-00C04F79EFBC}") = "Senac.Infra.Data", "Senac.Infra.Data\Senac.Infra.Data.csproj", "{9896D4EB-9061-4E88-BBAA-6F1D6C719D53}"
EndProject
Project("{FAE04EC0-301F-11D3-BF4B-00C04F79EFBC}") = "Senac.Infra.IoC", "Senac.Infra.IoC\Senac.Infra.IoC.csproj", "{9BB2CB34-79B2-43FD-B4C6-804121383E9B}"
EndProject
Project("{FAE04EC0-301F-11D3-BF4B-00C04F79EFBC}") = "Senac.Infra.Mapping", "Senac.Infra.Mapping\Senac.Infra.Mapping.csproj", "{E1DD9AA0-F83E-433E-917D-CEAF2BEE0DA7}"
EndProject
Project("{FAE04EC0-301F-11D3-BF4B-00C04F79EFBC}") = "Senac.Infra.Auth", "Senac.Infra.Auth\Senac.Infra.Auth.csproj", "{4B598072-C54C-48C4-814B-BA52D1848655}"
EndProject
Global
	GlobalSection(SolutionConfigurationPlatforms) = preSolution
		Debug|Any CPU = Debug|Any CPU
		Release|Any CPU = Release|Any CPU
	EndGlobalSection
	GlobalSection(ProjectConfigurationPlatforms) = postSolution
		{0BCF639A-876A-436D-B412-428082DAE7DD}.Debug|Any CPU.ActiveCfg = Debug|Any CPU
		{0BCF639A-876A-436D-B412-428082DAE7DD}.Debug|Any CPU.Build.0 = Debug|Any CPU
		{0BCF639A-876A-436D-B412-428082DAE7DD}.Release|Any CPU.ActiveCfg = Release|Any CPU
		{0BCF639A-876A-436D-B412-428082DAE7DD}.Release|Any CPU.Build.0 = Release|Any CPU
		{B93FB512-8FEC-4330-8360-095421F725D8}.Debug|Any CPU.ActiveCfg = Debug|Any CPU
		{B93FB512-8FEC-4330-8360-095421F725D8}.Debug|Any CPU.Build.0 = Debug|Any CPU
		{B93FB512-8FEC-4330-8360-095421F725D8}.Release|Any CPU.ActiveCfg = Release|Any CPU
		{B93FB512-8FEC-4330-8360-095421F725D8}.Release|Any CPU.Build.0 = Release|Any CPU
		{D1BE1CE9-B152-4665-BE99-355CFCEE7AD3}.Debug|Any CPU.ActiveCfg = Debug|Any CPU
		{D1BE1CE9-B152-4665-BE99-355CFCEE7AD3}.Debug|Any CPU.Build.0 = Debug|Any CPU
		{D1BE1CE9-B152-4665-BE99-355CFCEE7AD3}.Release|Any CPU.ActiveCfg = Release|Any CPU
		{D1BE1CE9-B152-4665-BE99-355CFCEE7AD3}.Release|Any CPU.Build.0 = Release|Any CPU
		{9896D4EB-9061-4E88-BBAA-6F1D6C719D53}.Debug|Any CPU.ActiveCfg = Debug|Any CPU
		{9896D4EB-9061-4E88-BBAA-6F1D6C719D53}.Debug|Any CPU.Build.0 = Debug|Any CPU
		{9896D4EB-9061-4E88-BBAA-6F1D6C719D53}.Release|Any CPU.ActiveCfg = Release|Any CPU
		{9896D4EB-9061-4E88-BBAA-6F1D6C719D53}.Release|Any CPU.Build.0 = Release|Any CPU
		{9BB2CB34-79B2-43FD-B4C6-804121383E9B}.Debug|Any CPU.ActiveCfg = Debug|Any CPU
		{9BB2CB34-79B2-43FD-B4C6-804121383E9B}.Debug|Any CPU.Build.0 = Debug|Any CPU
		{9BB2CB34-79B2-43FD-B4C6-804121383E9B}.Release|Any CPU.ActiveCfg = Release|Any CPU
		{9BB2CB34-79B2-43FD-B4C6-804121383E9B}.Release|Any CPU.Build.0 = Release|Any CPU
		{E1DD9AA0-F83E-433E-917D-CEAF2BEE0DA7}.Debug|Any CPU.ActiveCfg = Debug|Any CPU
		{E1DD9AA0-F83E-433E-917D-CEAF2BEE0DA7}.Debug|Any CPU.Build.0 = Debug|Any CPU
		{E1DD9AA0-F83E-433E-917D-CEAF2BEE0DA7}.Release|Any CPU.ActiveCfg = Release|Any CPU
		{E1DD9AA0-F83E-433E-917D-CEAF2BEE0DA7}.Release|Any CPU.Build.0 = Release|Any CPU
		{4B598072-C54C-48C4-814B-BA52D1848655}.Debug|Any CPU.ActiveCfg = Debug|Any CPU
		{4B598072-C54C-48C4-814B-BA52D1848655}.Debug|Any CPU.Build.0 = Debug|Any CPU
		{4B598072-C54C-48C4-814B-BA52D1848655}.Release|Any CPU.ActiveCfg = Release|Any CPU
		{4B598072-C54C-48C4-814B-BA52D1848655}.Release|Any CPU.Build.0 = Release|Any CPU
	EndGlobalSection
	GlobalSection(SolutionProperties) = preSolution
		HideSolutionNode = FALSE
	EndGlobalSection
	GlobalSection(NestedProjects) = preSolution
		{FA9BD634-EB25-4D18-907A-5B3C9622D899} = {DA0C729D-0362-4935-AC10-72D11279C218}
		{21D51139-9110-4CF8-8B40-36BFE3A57A37} = {DA0C729D-0362-4935-AC10-72D11279C218}
		{0348FF10-F4E8-49B7-8AC1-EE63BC4988CD} = {DA0C729D-0362-4935-AC10-72D11279C218}
		{F6BBCF19-93DD-45CC-84D6-A29156476B44} = {FA9BD634-EB25-4D18-907A-5B3C9622D899}
		{43D11E6A-057A-4470-9120-9B4119B782B2} = {FA9BD634-EB25-4D18-907A-5B3C9622D899}
		{DDC64361-DB32-412B-B308-AAC97A978E39} = {7CDB0661-F199-474D-B9F3-5F78208FB73F}
		{0BCF639A-876A-436D-B412-428082DAE7DD} = {DDC64361-DB32-412B-B308-AAC97A978E39}
		{B93FB512-8FEC-4330-8360-095421F725D8} = {A91143E5-FD58-48FD-8C96-2D1D15797629}
		{D1BE1CE9-B152-4665-BE99-355CFCEE7AD3} = {9DB19153-DEAF-4171-9F4E-DAEE43993D8E}
		{9896D4EB-9061-4E88-BBAA-6F1D6C719D53} = {21D51139-9110-4CF8-8B40-36BFE3A57A37}
		{9BB2CB34-79B2-43FD-B4C6-804121383E9B} = {0348FF10-F4E8-49B7-8AC1-EE63BC4988CD}
		{E1DD9AA0-F83E-433E-917D-CEAF2BEE0DA7} = {F6BBCF19-93DD-45CC-84D6-A29156476B44}
		{4B598072-C54C-48C4-814B-BA52D1848655} = {43D11E6A-057A-4470-9120-9B4119B782B2}
	EndGlobalSection
	GlobalSection(ExtensibilityGlobals) = postSolution
		SolutionGuid = {1B502AFE-1541-42C7-AEE7-F0A8B1AC5F9B}
	EndGlobalSection
EndGlobal
